
Microsoft Visual Studio Solution File, Format Version 12.00
# Visual Studio Version 17
VisualStudioVersion = 17.0.32014.148
MinimumVisualStudioVersion = 10.0.40219.1
Project("{FAE04EC0-301F-11D3-BF4B-00C04F79EFBC}") = "SolidBoolOperationTest", "SolidBoolOperationTest.csproj", "{F6C4CC08-1579-4DE0-84E6-5EF032F3D8A0}"
EndProject
Global
	GlobalSection(SolutionConfigurationPlatforms) = preSolution
		Debug|Any CPU = Debug|Any CPU
		Release|Any CPU = Release|Any CPU
	EndGlobalSection
	GlobalSection(ProjectConfigurationPlatforms) = postSolution
		{F6C4CC08-1579-4DE0-84E6-5EF032F3D8A0}.Debug|Any CPU.ActiveCfg = Debug|Any CPU
		{F6C4CC08-1579-4DE0-84E6-5EF032F3D8A0}.Debug|Any CPU.Build.0 = Debug|Any CPU
		{F6C4CC08-1579-4DE0-84E6-5EF032F3D8A0}.Release|Any CPU.ActiveCfg = Release|Any CPU
		{F6C4CC08-1579-4DE0-84E6-5EF032F3D8A0}.Release|Any CPU.Build.0 = Release|Any CPU
	EndGlobalSection
	GlobalSection(SolutionProperties) = preSolution
		HideSolutionNode = FALSE
	EndGlobalSection
	GlobalSection(ExtensibilityGlobals) = postSolution
		SolutionGuid = {57DA0C22-3AFB-4B55-A521-06338643B643}
	EndGlobalSection
EndGlobal
